{
    "name": "database-abstraction-layer",
    "version": "1.0.0",
    "lockfileVersion": 2,
    "requires": true,
    "packages": {
        "": {
            "name": "database-abstraction-layer",
            "version": "1.0.0",
            "license": "MIT",
            "dependencies": {
                "music-app-models": "file:../music-app-models"
            },
            "devDependencies": {
                "typescript": "^3.3.3333"
            }
        },
        "../music-app-models": {
            "version": "1.0.0",
            "license": "MIT",
            "devDependencies": {
                "typescript": "^3.3.3333"
            }
        },
        "../music-app-models/node_modules/typescript": {
            "version": "3.9.10",
            "dev": true,
            "license": "Apache-2.0",
            "bin": {
                "tsc": "bin/tsc",
                "tsserver": "bin/tsserver"
            },
            "engines": {
                "node": ">=4.2.0"
            }
        },
        "node_modules/music-app-models": {
            "resolved": "../music-app-models",
            "link": true
        },
        "node_modules/typescript": {
            "version": "3.9.10",
            "dev": true,
            "license": "Apache-2.0",
            "bin": {
                "tsc": "bin/tsc",
                "tsserver": "bin/tsserver"
            },
            "engines": {
                "node": ">=4.2.0"
            }
        }
    },
    "dependencies": {
        "music-app-models": {
            "version": "file:../music-app-models",
            "requires": {
                "typescript": "^3.3.3333"
            },
            "dependencies": {
                "typescript": {
                    "version": "3.9.10",
                    "dev": true
                }
            }
        },
        "typescript": {
            "version": "3.9.10",
            "dev": true
        }
    }
}
