{
    "name": "database-json-implementation",
    "version": "1.0.0",
    "lockfileVersion": 2,
    "requires": true,
    "packages": {
        "": {
            "name": "database-json-implementation",
            "version": "1.0.0",
            "license": "MIT",
            "dependencies": {
                "database-abstraction-layer": "file:../database-abstraction-layer",
                "music-app-models": "file:../music-app-models"
            },
            "devDependencies": {
                "@types/node": "^14.14.20",
                "typescript": "^3.3.3333"
            }
        },
        "../database-abstraction-layer": {
            "version": "1.0.0",
            "license": "MIT",
            "dependencies": {
                "music-app-models": "file:../music-app-models"
            },
            "devDependencies": {
                "typescript": "^3.3.3333"
            }
        },
        "../music-app-models": {
            "version": "1.0.0",
            "license": "MIT",
            "devDependencies": {
                "typescript": "^3.3.3333"
            }
        },
        "node_modules/@types/node": {
            "version": "14.18.42",
            "resolved": "https://registry.npmjs.org/@types/node/-/node-14.18.42.tgz",
            "integrity": "sha512-xefu+RBie4xWlK8hwAzGh3npDz/4VhF6icY/shU+zv/1fNn+ZVG7T7CRwe9LId9sAYRPxI+59QBPuKL3WpyGRg==",
            "dev": true
        },
        "node_modules/database-abstraction-layer": {
            "resolved": "../database-abstraction-layer",
            "link": true
        },
        "node_modules/music-app-models": {
            "resolved": "../music-app-models",
            "link": true
        },
        "node_modules/typescript": {
            "version": "3.9.10",
            "resolved": "https://registry.npmjs.org/typescript/-/typescript-3.9.10.tgz",
            "integrity": "sha512-w6fIxVE/H1PkLKcCPsFqKE7Kv7QUwhU8qQY2MueZXWx5cPZdwFupLgKK3vntcK98BtNHZtAF4LA/yl2a7k8R6Q==",
            "dev": true,
            "bin": {
                "tsc": "bin/tsc",
                "tsserver": "bin/tsserver"
            },
            "engines": {
                "node": ">=4.2.0"
            }
        }
    },
    "dependencies": {
        "@types/node": {
            "version": "14.18.42",
            "resolved": "https://registry.npmjs.org/@types/node/-/node-14.18.42.tgz",
            "integrity": "sha512-xefu+RBie4xWlK8hwAzGh3npDz/4VhF6icY/shU+zv/1fNn+ZVG7T7CRwe9LId9sAYRPxI+59QBPuKL3WpyGRg==",
            "dev": true
        },
        "database-abstraction-layer": {
            "version": "file:../database-abstraction-layer",
            "requires": {
                "music-app-models": "file:../music-app-models",
                "typescript": "^3.3.3333"
            }
        },
        "music-app-models": {
            "version": "file:../music-app-models",
            "requires": {
                "typescript": "^3.3.3333"
            }
        },
        "typescript": {
            "version": "3.9.10",
            "resolved": "https://registry.npmjs.org/typescript/-/typescript-3.9.10.tgz",
            "integrity": "sha512-w6fIxVE/H1PkLKcCPsFqKE7Kv7QUwhU8qQY2MueZXWx5cPZdwFupLgKK3vntcK98BtNHZtAF4LA/yl2a7k8R6Q==",
            "dev": true
        }
    }
}
